// !$*UTF8*$!
{
	archiveVersion = 1;
	classes = {
	};
	objectVersion = 50;
	objects = {

/* Begin PBXBuildFile section */
		056636E12343876F00C2A302 /* Badge.swift in Sources */ = {isa = PBXBuildFile; fileRef = 056636E02343876F00C2A302 /* Badge.swift */; };
		056636E3234387F900C2A302 /* HexagonParameters.swift in Sources */ = {isa = PBXBuildFile; fileRef = 056636E2234387F900C2A302 /* HexagonParameters.swift */; };
		0568AA9B233AE84900916257 /* charleyrivers.jpg in Resources */ = {isa = PBXBuildFile; fileRef = 0568AA9A233AE84900916257 /* charleyrivers.jpg */; };
		056B83212336629C00B2B38F /* Landmark.swift in Sources */ = {isa = PBXBuildFile; fileRef = 056B83202336629C00B2B38F /* Landmark.swift */; };
		056B833E2336690800B2B38F /* LandmarkRow.swift in Sources */ = {isa = PBXBuildFile; fileRef = 056B833D2336690800B2B38F /* LandmarkRow.swift */; };
		056B834023366AE300B2B38F /* Data.swift in Sources */ = {isa = PBXBuildFile; fileRef = 056B833F23366AE300B2B38F /* Data.swift */; };
		056B834F2336724800B2B38F /* turtlerock.jpg in Resources */ = {isa = PBXBuildFile; fileRef = 056B83422336724800B2B38F /* turtlerock.jpg */; };
		056B83502336724800B2B38F /* silversalmoncreek.jpg in Resources */ = {isa = PBXBuildFile; fileRef = 056B83432336724800B2B38F /* silversalmoncreek.jpg */; };
		056B83512336724800B2B38F /* icybay.jpg in Resources */ = {isa = PBXBuildFile; fileRef = 056B83442336724800B2B38F /* icybay.jpg */; };
		056B83522336724800B2B38F /* lakemcdonald.jpg in Resources */ = {isa = PBXBuildFile; fileRef = 056B83452336724800B2B38F /* lakemcdonald.jpg */; };
		056B83532336724800B2B38F /* hiddenlake.jpg in Resources */ = {isa = PBXBuildFile; fileRef = 056B83462336724800B2B38F /* hiddenlake.jpg */; };
		056B83542336724800B2B38F /* twinlake.jpg in Resources */ = {isa = PBXBuildFile; fileRef = 056B83472336724800B2B38F /* twinlake.jpg */; };
		056B83552336724800B2B38F /* umbagog.jpg in Resources */ = {isa = PBXBuildFile; fileRef = 056B83482336724800B2B38F /* umbagog.jpg */; };
		056B83562336724800B2B38F /* landmarkData.json in Resources */ = {isa = PBXBuildFile; fileRef = 056B83492336724800B2B38F /* landmarkData.json */; };
		056B83572336724800B2B38F /* chincoteague.jpg in Resources */ = {isa = PBXBuildFile; fileRef = 056B834A2336724800B2B38F /* chincoteague.jpg */; };
		056B83582336724800B2B38F /* yukon_charleyrivers.jpg in Resources */ = {isa = PBXBuildFile; fileRef = 056B834B2336724800B2B38F /* yukon_charleyrivers.jpg */; };
		056B83592336724800B2B38F /* stmarylake.jpg in Resources */ = {isa = PBXBuildFile; fileRef = 056B834C2336724800B2B38F /* stmarylake.jpg */; };
		056B835A2336724800B2B38F /* chilkoottrail.jpg in Resources */ = {isa = PBXBuildFile; fileRef = 056B834D2336724800B2B38F /* chilkoottrail.jpg */; };
		056B835B2336724800B2B38F /* rainbowlake.jpg in Resources */ = {isa = PBXBuildFile; fileRef = 056B834E2336724800B2B38F /* rainbowlake.jpg */; };
		056B835D2336753000B2B38F /* LandmarkList.swift in Sources */ = {isa = PBXBuildFile; fileRef = 056B835C2336753000B2B38F /* LandmarkList.swift */; };
		056B835F233856B600B2B38F /* UserData.swift in Sources */ = {isa = PBXBuildFile; fileRef = 056B835E233856B600B2B38F /* UserData.swift */; };
		056D5D8B232D215300E89EDA /* AppDelegate.swift in Sources */ = {isa = PBXBuildFile; fileRef = 056D5D8A232D215300E89EDA /* AppDelegate.swift */; };
		056D5D8D232D215300E89EDA /* SceneDelegate.swift in Sources */ = {isa = PBXBuildFile; fileRef = 056D5D8C232D215300E89EDA /* SceneDelegate.swift */; };
		056D5D8F232D215300E89EDA /* ContentView.swift in Sources */ = {isa = PBXBuildFile; fileRef = 056D5D8E232D215300E89EDA /* ContentView.swift */; };
		056D5D91232D215600E89EDA /* Assets.xcassets in Resources */ = {isa = PBXBuildFile; fileRef = 056D5D90232D215600E89EDA /* Assets.xcassets */; };
		056D5D94232D215600E89EDA /* Preview Assets.xcassets in Resources */ = {isa = PBXBuildFile; fileRef = 056D5D93232D215600E89EDA /* Preview Assets.xcassets */; };
		056D5D97232D215600E89EDA /* LaunchScreen.storyboard in Resources */ = {isa = PBXBuildFile; fileRef = 056D5D95232D215600E89EDA /* LaunchScreen.storyboard */; };
		056D5DA3232D217100E89EDA /* AppDelegate.swift in Sources */ = {isa = PBXBuildFile; fileRef = 056D5DA2232D217100E89EDA /* AppDelegate.swift */; };
		056D5DA5232D217100E89EDA /* SceneDelegate.swift in Sources */ = {isa = PBXBuildFile; fileRef = 056D5DA4232D217100E89EDA /* SceneDelegate.swift */; };
		056D5DA7232D217100E89EDA /* ContentView.swift in Sources */ = {isa = PBXBuildFile; fileRef = 056D5DA6232D217100E89EDA /* ContentView.swift */; };
		056D5DA9232D217300E89EDA /* Assets.xcassets in Resources */ = {isa = PBXBuildFile; fileRef = 056D5DA8232D217300E89EDA /* Assets.xcassets */; };
		056D5DAC232D217300E89EDA /* Preview Assets.xcassets in Resources */ = {isa = PBXBuildFile; fileRef = 056D5DAB232D217300E89EDA /* Preview Assets.xcassets */; };
		056D5DAF232D217300E89EDA /* LaunchScreen.storyboard in Resources */ = {isa = PBXBuildFile; fileRef = 056D5DAD232D217300E89EDA /* LaunchScreen.storyboard */; };
		056D5DBB232D218100E89EDA /* AppDelegate.swift in Sources */ = {isa = PBXBuildFile; fileRef = 056D5DBA232D218100E89EDA /* AppDelegate.swift */; };
		056D5DBD232D218100E89EDA /* SceneDelegate.swift in Sources */ = {isa = PBXBuildFile; fileRef = 056D5DBC232D218100E89EDA /* SceneDelegate.swift */; };
		056D5DBF232D218100E89EDA /* ContentView.swift in Sources */ = {isa = PBXBuildFile; fileRef = 056D5DBE232D218100E89EDA /* ContentView.swift */; };
		056D5DC1232D218300E89EDA /* Assets.xcassets in Resources */ = {isa = PBXBuildFile; fileRef = 056D5DC0232D218300E89EDA /* Assets.xcassets */; };
		056D5DC4232D218300E89EDA /* Preview Assets.xcassets in Resources */ = {isa = PBXBuildFile; fileRef = 056D5DC3232D218300E89EDA /* Preview Assets.xcassets */; };
		056D5DC7232D218300E89EDA /* LaunchScreen.storyboard in Resources */ = {isa = PBXBuildFile; fileRef = 056D5DC5232D218300E89EDA /* LaunchScreen.storyboard */; };
		056D5DD7232D236C00E89EDA /* AppDelegate.swift in Sources */ = {isa = PBXBuildFile; fileRef = 056D5DD6232D236C00E89EDA /* AppDelegate.swift */; };
		056D5DD9232D236C00E89EDA /* SceneDelegate.swift in Sources */ = {isa = PBXBuildFile; fileRef = 056D5DD8232D236C00E89EDA /* SceneDelegate.swift */; };
		056D5DDB232D236C00E89EDA /* LandmarkDetail.swift in Sources */ = {isa = PBXBuildFile; fileRef = 056D5DDA232D236C00E89EDA /* LandmarkDetail.swift */; };
		056D5DDD232D236E00E89EDA /* Assets.xcassets in Resources */ = {isa = PBXBuildFile; fileRef = 056D5DDC232D236E00E89EDA /* Assets.xcassets */; };
		056D5DE0232D236E00E89EDA /* Preview Assets.xcassets in Resources */ = {isa = PBXBuildFile; fileRef = 056D5DDF232D236E00E89EDA /* Preview Assets.xcassets */; };
		056D5DE3232D236E00E89EDA /* LaunchScreen.storyboard in Resources */ = {isa = PBXBuildFile; fileRef = 056D5DE1232D236E00E89EDA /* LaunchScreen.storyboard */; };
		058D3657232DAC4E00A4FCB3 /* CircleImage.swift in Sources */ = {isa = PBXBuildFile; fileRef = 058D3656232DAC4E00A4FCB3 /* CircleImage.swift */; };
		058D365C232DB13400A4FCB3 /* MapView.swift in Sources */ = {isa = PBXBuildFile; fileRef = 058D365B232DB13400A4FCB3 /* MapView.swift */; };
		05A149872348E73600B5B719 /* BadgeBackground.swift in Sources */ = {isa = PBXBuildFile; fileRef = 05A149862348E73600B5B719 /* BadgeBackground.swift */; };
		05A149892348E78C00B5B719 /* BadgeSymbol.swift in Sources */ = {isa = PBXBuildFile; fileRef = 05A149882348E78C00B5B719 /* BadgeSymbol.swift */; };
/* End PBXBuildFile section */

/* Begin PBXFileReference section */
		056636E02343876F00C2A302 /* Badge.swift */ = {isa = PBXFileReference; lastKnownFileType = sourcecode.swift; path = Badge.swift; sourceTree = "<group>"; };
		056636E2234387F900C2A302 /* HexagonParameters.swift */ = {isa = PBXFileReference; lastKnownFileType = sourcecode.swift; path = HexagonParameters.swift; sourceTree = "<group>"; };
		0568AA9A233AE84900916257 /* charleyrivers.jpg */ = {isa = PBXFileReference; lastKnownFileType = image.jpeg; path = charleyrivers.jpg; sourceTree = "<group>"; };
		056B83202336629C00B2B38F /* Landmark.swift */ = {isa = PBXFileReference; lastKnownFileType = sourcecode.swift; path = Landmark.swift; sourceTree = "<group>"; };
		056B833D2336690800B2B38F /* LandmarkRow.swift */ = {isa = PBXFileReference; lastKnownFileType = sourcecode.swift; path = LandmarkRow.swift; sourceTree = "<group>"; };
		056B833F23366AE300B2B38F /* Data.swift */ = {isa = PBXFileReference; fileEncoding = 4; lastKnownFileType = sourcecode.swift; path = Data.swift; sourceTree = "<group>"; };
		056B83422336724800B2B38F /* turtlerock.jpg */ = {isa = PBXFileReference; lastKnownFileType = image.jpeg; path = turtlerock.jpg; sourceTree = "<group>"; };
		056B83432336724800B2B38F /* silversalmoncreek.jpg */ = {isa = PBXFileReference; lastKnownFileType = image.jpeg; path = silversalmoncreek.jpg; sourceTree = "<group>"; };
		056B83442336724800B2B38F /* icybay.jpg */ = {isa = PBXFileReference; lastKnownFileType = image.jpeg; path = icybay.jpg; sourceTree = "<group>"; };
		056B83452336724800B2B38F /* lakemcdonald.jpg */ = {isa = PBXFileReference; lastKnownFileType = image.jpeg; path = lakemcdonald.jpg; sourceTree = "<group>"; };
		056B83462336724800B2B38F /* hiddenlake.jpg */ = {isa = PBXFileReference; lastKnownFileType = image.jpeg; path = hiddenlake.jpg; sourceTree = "<group>"; };
		056B83472336724800B2B38F /* twinlake.jpg */ = {isa = PBXFileReference; lastKnownFileType = image.jpeg; path = twinlake.jpg; sourceTree = "<group>"; };
		056B83482336724800B2B38F /* umbagog.jpg */ = {isa = PBXFileReference; lastKnownFileType = image.jpeg; path = umbagog.jpg; sourceTree = "<group>"; };
		056B83492336724800B2B38F /* landmarkData.json */ = {isa = PBXFileReference; fileEncoding = 4; lastKnownFileType = text.json; path = landmarkData.json; sourceTree = "<group>"; };
		056B834A2336724800B2B38F /* chincoteague.jpg */ = {isa = PBXFileReference; lastKnownFileType = image.jpeg; path = chincoteague.jpg; sourceTree = "<group>"; };
		056B834B2336724800B2B38F /* yukon_charleyrivers.jpg */ = {isa = PBXFileReference; lastKnownFileType = image.jpeg; path = yukon_charleyrivers.jpg; sourceTree = "<group>"; };
		056B834C2336724800B2B38F /* stmarylake.jpg */ = {isa = PBXFileReference; lastKnownFileType = image.jpeg; path = stmarylake.jpg; sourceTree = "<group>"; };
		056B834D2336724800B2B38F /* chilkoottrail.jpg */ = {isa = PBXFileReference; lastKnownFileType = image.jpeg; path = chilkoottrail.jpg; sourceTree = "<group>"; };
		056B834E2336724800B2B38F /* rainbowlake.jpg */ = {isa = PBXFileReference; lastKnownFileType = image.jpeg; path = rainbowlake.jpg; sourceTree = "<group>"; };
		056B835C2336753000B2B38F /* LandmarkList.swift */ = {isa = PBXFileReference; lastKnownFileType = sourcecode.swift; path = LandmarkList.swift; sourceTree = "<group>"; };
		056B835E233856B600B2B38F /* UserData.swift */ = {isa = PBXFileReference; fileEncoding = 4; lastKnownFileType = sourcecode.swift; path = UserData.swift; sourceTree = "<group>"; };
		056D5D88232D215300E89EDA /* Drawing and Animation.app */ = {isa = PBXFileReference; explicitFileType = wrapper.application; includeInIndex = 0; path = "Drawing and Animation.app"; sourceTree = BUILT_PRODUCTS_DIR; };
		056D5D8A232D215300E89EDA /* AppDelegate.swift */ = {isa = PBXFileReference; lastKnownFileType = sourcecode.swift; path = AppDelegate.swift; sourceTree = "<group>"; };
		056D5D8C232D215300E89EDA /* SceneDelegate.swift */ = {isa = PBXFileReference; lastKnownFileType = sourcecode.swift; path = SceneDelegate.swift; sourceTree = "<group>"; };
		056D5D8E232D215300E89EDA /* ContentView.swift */ = {isa = PBXFileReference; lastKnownFileType = sourcecode.swift; path = ContentView.swift; sourceTree = "<group>"; };
		056D5D90232D215600E89EDA /* Assets.xcassets */ = {isa = PBXFileReference; lastKnownFileType = folder.assetcatalog; path = Assets.xcassets; sourceTree = "<group>"; };
		056D5D93232D215600E89EDA /* Preview Assets.xcassets */ = {isa = PBXFileReference; lastKnownFileType = folder.assetcatalog; path = "Preview Assets.xcassets"; sourceTree = "<group>"; };
		056D5D96232D215600E89EDA /* Base */ = {isa = PBXFileReference; lastKnownFileType = file.storyboard; name = Base; path = Base.lproj/LaunchScreen.storyboard; sourceTree = "<group>"; };
		056D5D98232D215600E89EDA /* Info.plist */ = {isa = PBXFileReference; lastKnownFileType = text.plist.xml; path = Info.plist; sourceTree = "<group>"; };
		056D5DA0232D217100E89EDA /* App Design and Layout.app */ = {isa = PBXFileReference; explicitFileType = wrapper.application; includeInIndex = 0; path = "App Design and Layout.app"; sourceTree = BUILT_PRODUCTS_DIR; };
		056D5DA2232D217100E89EDA /* AppDelegate.swift */ = {isa = PBXFileReference; lastKnownFileType = sourcecode.swift; path = AppDelegate.swift; sourceTree = "<group>"; };
		056D5DA4232D217100E89EDA /* SceneDelegate.swift */ = {isa = PBXFileReference; lastKnownFileType = sourcecode.swift; path = SceneDelegate.swift; sourceTree = "<group>"; };
		056D5DA6232D217100E89EDA /* ContentView.swift */ = {isa = PBXFileReference; lastKnownFileType = sourcecode.swift; path = ContentView.swift; sourceTree = "<group>"; };
		056D5DA8232D217300E89EDA /* Assets.xcassets */ = {isa = PBXFileReference; lastKnownFileType = folder.assetcatalog; path = Assets.xcassets; sourceTree = "<group>"; };
		056D5DAB232D217300E89EDA /* Preview Assets.xcassets */ = {isa = PBXFileReference; lastKnownFileType = folder.assetcatalog; path = "Preview Assets.xcassets"; sourceTree = "<group>"; };
		056D5DAE232D217300E89EDA /* Base */ = {isa = PBXFileReference; lastKnownFileType = file.storyboard; name = Base; path = Base.lproj/LaunchScreen.storyboard; sourceTree = "<group>"; };
		056D5DB0232D217300E89EDA /* Info.plist */ = {isa = PBXFileReference; lastKnownFileType = text.plist.xml; path = Info.plist; sourceTree = "<group>"; };
		056D5DB8232D218100E89EDA /* Framework Integration.app */ = {isa = PBXFileReference; explicitFileType = wrapper.application; includeInIndex = 0; path = "Framework Integration.app"; sourceTree = BUILT_PRODUCTS_DIR; };
		056D5DBA232D218100E89EDA /* AppDelegate.swift */ = {isa = PBXFileReference; lastKnownFileType = sourcecode.swift; path = AppDelegate.swift; sourceTree = "<group>"; };
		056D5DBC232D218100E89EDA /* SceneDelegate.swift */ = {isa = PBXFileReference; lastKnownFileType = sourcecode.swift; path = SceneDelegate.swift; sourceTree = "<group>"; };
		056D5DBE232D218100E89EDA /* ContentView.swift */ = {isa = PBXFileReference; lastKnownFileType = sourcecode.swift; path = ContentView.swift; sourceTree = "<group>"; };
		056D5DC0232D218300E89EDA /* Assets.xcassets */ = {isa = PBXFileReference; lastKnownFileType = folder.assetcatalog; path = Assets.xcassets; sourceTree = "<group>"; };
		056D5DC3232D218300E89EDA /* Preview Assets.xcassets */ = {isa = PBXFileReference; lastKnownFileType = folder.assetcatalog; path = "Preview Assets.xcassets"; sourceTree = "<group>"; };
		056D5DC6232D218300E89EDA /* Base */ = {isa = PBXFileReference; lastKnownFileType = file.storyboard; name = Base; path = Base.lproj/LaunchScreen.storyboard; sourceTree = "<group>"; };
		056D5DC8232D218300E89EDA /* Info.plist */ = {isa = PBXFileReference; lastKnownFileType = text.plist.xml; path = Info.plist; sourceTree = "<group>"; };
		056D5DD4232D236C00E89EDA /* SwiftUI Essentials.app */ = {isa = PBXFileReference; explicitFileType = wrapper.application; includeInIndex = 0; path = "SwiftUI Essentials.app"; sourceTree = BUILT_PRODUCTS_DIR; };
		056D5DD6232D236C00E89EDA /* AppDelegate.swift */ = {isa = PBXFileReference; lastKnownFileType = sourcecode.swift; path = AppDelegate.swift; sourceTree = "<group>"; };
		056D5DD8232D236C00E89EDA /* SceneDelegate.swift */ = {isa = PBXFileReference; lastKnownFileType = sourcecode.swift; path = SceneDelegate.swift; sourceTree = "<group>"; };
		056D5DDA232D236C00E89EDA /* LandmarkDetail.swift */ = {isa = PBXFileReference; lastKnownFileType = sourcecode.swift; path = LandmarkDetail.swift; sourceTree = "<group>"; };
		056D5DDC232D236E00E89EDA /* Assets.xcassets */ = {isa = PBXFileReference; lastKnownFileType = folder.assetcatalog; path = Assets.xcassets; sourceTree = "<group>"; };
		056D5DDF232D236E00E89EDA /* Preview Assets.xcassets */ = {isa = PBXFileReference; lastKnownFileType = folder.assetcatalog; path = "Preview Assets.xcassets"; sourceTree = "<group>"; };
		056D5DE2232D236E00E89EDA /* Base */ = {isa = PBXFileReference; lastKnownFileType = file.storyboard; name = Base; path = Base.lproj/LaunchScreen.storyboard; sourceTree = "<group>"; };
		056D5DE4232D236E00E89EDA /* Info.plist */ = {isa = PBXFileReference; lastKnownFileType = text.plist.xml; path = Info.plist; sourceTree = "<group>"; };
		058D3656232DAC4E00A4FCB3 /* CircleImage.swift */ = {isa = PBXFileReference; lastKnownFileType = sourcecode.swift; path = CircleImage.swift; sourceTree = "<group>"; };
		058D365B232DB13400A4FCB3 /* MapView.swift */ = {isa = PBXFileReference; lastKnownFileType = sourcecode.swift; path = MapView.swift; sourceTree = "<group>"; };
		05A149862348E73600B5B719 /* BadgeBackground.swift */ = {isa = PBXFileReference; lastKnownFileType = sourcecode.swift; path = BadgeBackground.swift; sourceTree = "<group>"; };
		05A149882348E78C00B5B719 /* BadgeSymbol.swift */ = {isa = PBXFileReference; lastKnownFileType = sourcecode.swift; path = BadgeSymbol.swift; sourceTree = "<group>"; };
/* End PBXFileReference section */

/* Begin PBXFrameworksBuildPhase section */
		056D5D85232D215300E89EDA /* Frameworks */ = {
			isa = PBXFrameworksBuildPhase;
			buildActionMask = 2147483647;
			files = (
			);
			runOnlyForDeploymentPostprocessing = 0;
		};
		056D5D9D232D217100E89EDA /* Frameworks */ = {
			isa = PBXFrameworksBuildPhase;
			buildActionMask = 2147483647;
			files = (
			);
			runOnlyForDeploymentPostprocessing = 0;
		};
		056D5DB5232D218100E89EDA /* Frameworks */ = {
			isa = PBXFrameworksBuildPhase;
			buildActionMask = 2147483647;
			files = (
			);
			runOnlyForDeploymentPostprocessing = 0;
		};
		056D5DD1232D236C00E89EDA /* Frameworks */ = {
			isa = PBXFrameworksBuildPhase;
			buildActionMask = 2147483647;
			files = (
			);
			runOnlyForDeploymentPostprocessing = 0;
		};
/* End PBXFrameworksBuildPhase section */

/* Begin PBXGroup section */
		056636DF2343876000C2A302 /* Views */ = {
			isa = PBXGroup;
			children = (
				056636E02343876F00C2A302 /* Badge.swift */,
				056636E2234387F900C2A302 /* HexagonParameters.swift */,
				05A149862348E73600B5B719 /* BadgeBackground.swift */,
				05A149882348E78C00B5B719 /* BadgeSymbol.swift */,
			);
			path = Views;
			sourceTree = "<group>";
		};
		056B831F2336628500B2B38F /* Models */ = {
			isa = PBXGroup;
			children = (
				056B835E233856B600B2B38F /* UserData.swift */,
				056B833F23366AE300B2B38F /* Data.swift */,
				056B83202336629C00B2B38F /* Landmark.swift */,
			);
			path = Models;
			sourceTree = "<group>";
		};
		056B83412336724800B2B38F /* Resources */ = {
			isa = PBXGroup;
			children = (
				0568AA9A233AE84900916257 /* charleyrivers.jpg */,
				056B83422336724800B2B38F /* turtlerock.jpg */,
				056B83432336724800B2B38F /* silversalmoncreek.jpg */,
				056B83442336724800B2B38F /* icybay.jpg */,
				056B83452336724800B2B38F /* lakemcdonald.jpg */,
				056B83462336724800B2B38F /* hiddenlake.jpg */,
				056B83472336724800B2B38F /* twinlake.jpg */,
				056B83482336724800B2B38F /* umbagog.jpg */,
				056B83492336724800B2B38F /* landmarkData.json */,
				056B834A2336724800B2B38F /* chincoteague.jpg */,
				056B834B2336724800B2B38F /* yukon_charleyrivers.jpg */,
				056B834C2336724800B2B38F /* stmarylake.jpg */,
				056B834D2336724800B2B38F /* chilkoottrail.jpg */,
				056B834E2336724800B2B38F /* rainbowlake.jpg */,
			);
			path = Resources;
			sourceTree = "<group>";
		};
		056D5D89232D215300E89EDA /* Drawing and Animation */ = {
			isa = PBXGroup;
			children = (
				056636DF2343876000C2A302 /* Views */,
				056D5D8A232D215300E89EDA /* AppDelegate.swift */,
				056D5D8C232D215300E89EDA /* SceneDelegate.swift */,
				056D5D8E232D215300E89EDA /* ContentView.swift */,
				056D5D90232D215600E89EDA /* Assets.xcassets */,
				056D5D95232D215600E89EDA /* LaunchScreen.storyboard */,
				056D5D98232D215600E89EDA /* Info.plist */,
				056D5D92232D215600E89EDA /* Preview Content */,
			);
			path = "Drawing and Animation";
			sourceTree = "<group>";
		};
		056D5D92232D215600E89EDA /* Preview Content */ = {
			isa = PBXGroup;
			children = (
				056D5D93232D215600E89EDA /* Preview Assets.xcassets */,
			);
			path = "Preview Content";
			sourceTree = "<group>";
		};
		056D5DA1232D217100E89EDA /* App Design and Layout */ = {
			isa = PBXGroup;
			children = (
				056D5DA2232D217100E89EDA /* AppDelegate.swift */,
				056D5DA4232D217100E89EDA /* SceneDelegate.swift */,
				056D5DA6232D217100E89EDA /* ContentView.swift */,
				056D5DA8232D217300E89EDA /* Assets.xcassets */,
				056D5DAD232D217300E89EDA /* LaunchScreen.storyboard */,
				056D5DB0232D217300E89EDA /* Info.plist */,
				056D5DAA232D217300E89EDA /* Preview Content */,
			);
			path = "App Design and Layout";
			sourceTree = "<group>";
		};
		056D5DAA232D217300E89EDA /* Preview Content */ = {
			isa = PBXGroup;
			children = (
				056D5DAB232D217300E89EDA /* Preview Assets.xcassets */,
			);
			path = "Preview Content";
			sourceTree = "<group>";
		};
		056D5DB9232D218100E89EDA /* Framework Integration */ = {
			isa = PBXGroup;
			children = (
				056D5DBA232D218100E89EDA /* AppDelegate.swift */,
				056D5DBC232D218100E89EDA /* SceneDelegate.swift */,
				056D5DBE232D218100E89EDA /* ContentView.swift */,
				056D5DC0232D218300E89EDA /* Assets.xcassets */,
				056D5DC5232D218300E89EDA /* LaunchScreen.storyboard */,
				056D5DC8232D218300E89EDA /* Info.plist */,
				056D5DC2232D218300E89EDA /* Preview Content */,
			);
			path = "Framework Integration";
			sourceTree = "<group>";
		};
		056D5DC2232D218300E89EDA /* Preview Content */ = {
			isa = PBXGroup;
			children = (
				056D5DC3232D218300E89EDA /* Preview Assets.xcassets */,
			);
			path = "Preview Content";
			sourceTree = "<group>";
		};
		056D5DD5232D236C00E89EDA /* SwiftUI Essentials */ = {
			isa = PBXGroup;
			children = (
				056B83412336724800B2B38F /* Resources */,
				056B831F2336628500B2B38F /* Models */,
				058D365A232DB0DE00A4FCB3 /* Views */,
				056D5DD6232D236C00E89EDA /* AppDelegate.swift */,
				056D5DD8232D236C00E89EDA /* SceneDelegate.swift */,
				056D5DDC232D236E00E89EDA /* Assets.xcassets */,
				056D5DE1232D236E00E89EDA /* LaunchScreen.storyboard */,
				056D5DE4232D236E00E89EDA /* Info.plist */,
				056D5DDE232D236E00E89EDA /* Preview Content */,
			);
			path = "SwiftUI Essentials";
			sourceTree = "<group>";
		};
		056D5DDE232D236E00E89EDA /* Preview Content */ = {
			isa = PBXGroup;
			children = (
				056D5DDF232D236E00E89EDA /* Preview Assets.xcassets */,
			);
			path = "Preview Content";
			sourceTree = "<group>";
		};
		058D365A232DB0DE00A4FCB3 /* Views */ = {
			isa = PBXGroup;
			children = (
				056D5DDA232D236C00E89EDA /* LandmarkDetail.swift */,
				058D3656232DAC4E00A4FCB3 /* CircleImage.swift */,
				058D365B232DB13400A4FCB3 /* MapView.swift */,
				056B833D2336690800B2B38F /* LandmarkRow.swift */,
				056B835C2336753000B2B38F /* LandmarkList.swift */,
			);
			path = Views;
			sourceTree = "<group>";
		};
		05D3522A232A800400BBB528 = {
			isa = PBXGroup;
			children = (
				056D5DD5232D236C00E89EDA /* SwiftUI Essentials */,
				056D5D89232D215300E89EDA /* Drawing and Animation */,
				056D5DA1232D217100E89EDA /* App Design and Layout */,
				056D5DB9232D218100E89EDA /* Framework Integration */,
				05D35234232A800400BBB528 /* Products */,
			);
			sourceTree = "<group>";
		};
		05D35234232A800400BBB528 /* Products */ = {
			isa = PBXGroup;
			children = (
				056D5D88232D215300E89EDA /* Drawing and Animation.app */,
				056D5DA0232D217100E89EDA /* App Design and Layout.app */,
				056D5DB8232D218100E89EDA /* Framework Integration.app */,
				056D5DD4232D236C00E89EDA /* SwiftUI Essentials.app */,
			);
			name = Products;
			sourceTree = "<group>";
		};
/* End PBXGroup section */

/* Begin PBXNativeTarget section */
		056D5D87232D215300E89EDA /* Drawing and Animation */ = {
			isa = PBXNativeTarget;
			buildConfigurationList = 056D5D99232D215600E89EDA /* Build configuration list for PBXNativeTarget "Drawing and Animation" */;
			buildPhases = (
				056D5D84232D215300E89EDA /* Sources */,
				056D5D85232D215300E89EDA /* Frameworks */,
				056D5D86232D215300E89EDA /* Resources */,
			);
			buildRules = (
			);
			dependencies = (
			);
			name = "Drawing and Animation";
			productName = "Drawing and Animation";
			productReference = 056D5D88232D215300E89EDA /* Drawing and Animation.app */;
			productType = "com.apple.product-type.application";
		};
		056D5D9F232D217100E89EDA /* App Design and Layout */ = {
			isa = PBXNativeTarget;
			buildConfigurationList = 056D5DB1232D217300E89EDA /* Build configuration list for PBXNativeTarget "App Design and Layout" */;
			buildPhases = (
				056D5D9C232D217100E89EDA /* Sources */,
				056D5D9D232D217100E89EDA /* Frameworks */,
				056D5D9E232D217100E89EDA /* Resources */,
			);
			buildRules = (
			);
			dependencies = (
			);
			name = "App Design and Layout";
			productName = "App Design and Layout";
			productReference = 056D5DA0232D217100E89EDA /* App Design and Layout.app */;
			productType = "com.apple.product-type.application";
		};
		056D5DB7232D218100E89EDA /* Framework Integration */ = {
			isa = PBXNativeTarget;
			buildConfigurationList = 056D5DC9232D218300E89EDA /* Build configuration list for PBXNativeTarget "Framework Integration" */;
			buildPhases = (
				056D5DB4232D218100E89EDA /* Sources */,
				056D5DB5232D218100E89EDA /* Frameworks */,
				056D5DB6232D218100E89EDA /* Resources */,
			);
			buildRules = (
			);
			dependencies = (
			);
			name = "Framework Integration";
			productName = "Framework Integration";
			productReference = 056D5DB8232D218100E89EDA /* Framework Integration.app */;
			productType = "com.apple.product-type.application";
		};
		056D5DD3232D236C00E89EDA /* SwiftUI Essentials */ = {
			isa = PBXNativeTarget;
			buildConfigurationList = 056D5DE5232D236E00E89EDA /* Build configuration list for PBXNativeTarget "SwiftUI Essentials" */;
			buildPhases = (
				056D5DD0232D236C00E89EDA /* Sources */,
				056D5DD1232D236C00E89EDA /* Frameworks */,
				056D5DD2232D236C00E89EDA /* Resources */,
			);
			buildRules = (
			);
			dependencies = (
			);
			name = "SwiftUI Essentials";
			productName = "SwiftUI Essentials";
			productReference = 056D5DD4232D236C00E89EDA /* SwiftUI Essentials.app */;
			productType = "com.apple.product-type.application";
		};
/* End PBXNativeTarget section */

/* Begin PBXProject section */
		05D3522B232A800400BBB528 /* Project object */ = {
			isa = PBXProject;
			attributes = {
				LastSwiftUpdateCheck = 1100;
				LastUpgradeCheck = 1100;
				ORGANIZATIONNAME = cfans;
				TargetAttributes = {
					056D5D87232D215300E89EDA = {
						CreatedOnToolsVersion = 11.0;
					};
					056D5D9F232D217100E89EDA = {
						CreatedOnToolsVersion = 11.0;
					};
					056D5DB7232D218100E89EDA = {
						CreatedOnToolsVersion = 11.0;
					};
					056D5DD3232D236C00E89EDA = {
						CreatedOnToolsVersion = 11.0;
					};
				};
			};
			buildConfigurationList = 05D3522E232A800400BBB528 /* Build configuration list for PBXProject "SwiftUI-Tutorials" */;
			compatibilityVersion = "Xcode 9.3";
			developmentRegion = en;
			hasScannedForEncodings = 0;
			knownRegions = (
				en,
				Base,
			);
			mainGroup = 05D3522A232A800400BBB528;
			productRefGroup = 05D35234232A800400BBB528 /* Products */;
			projectDirPath = "";
			projectRoot = "";
			targets = (
				056D5D87232D215300E89EDA /* Drawing and Animation */,
				056D5D9F232D217100E89EDA /* App Design and Layout */,
				056D5DB7232D218100E89EDA /* Framework Integration */,
				056D5DD3232D236C00E89EDA /* SwiftUI Essentials */,
			);
		};
/* End PBXProject section */

/* Begin PBXResourcesBuildPhase section */
		056D5D86232D215300E89EDA /* Resources */ = {
			isa = PBXResourcesBuildPhase;
			buildActionMask = 2147483647;
			files = (
				056D5D97232D215600E89EDA /* LaunchScreen.storyboard in Resources */,
				056D5D94232D215600E89EDA /* Preview Assets.xcassets in Resources */,
				056D5D91232D215600E89EDA /* Assets.xcassets in Resources */,
			);
			runOnlyForDeploymentPostprocessing = 0;
		};
		056D5D9E232D217100E89EDA /* Resources */ = {
			isa = PBXResourcesBuildPhase;
			buildActionMask = 2147483647;
			files = (
				056D5DAF232D217300E89EDA /* LaunchScreen.storyboard in Resources */,
				056D5DAC232D217300E89EDA /* Preview Assets.xcassets in Resources */,
				056D5DA9232D217300E89EDA /* Assets.xcassets in Resources */,
			);
			runOnlyForDeploymentPostprocessing = 0;
		};
		056D5DB6232D218100E89EDA /* Resources */ = {
			isa = PBXResourcesBuildPhase;
			buildActionMask = 2147483647;
			files = (
				056D5DC7232D218300E89EDA /* LaunchScreen.storyboard in Resources */,
				056D5DC4232D218300E89EDA /* Preview Assets.xcassets in Resources */,
				056D5DC1232D218300E89EDA /* Assets.xcassets in Resources */,
			);
			runOnlyForDeploymentPostprocessing = 0;
		};
		056D5DD2232D236C00E89EDA /* Resources */ = {
			isa = PBXResourcesBuildPhase;
			buildActionMask = 2147483647;
			files = (
				056B83522336724800B2B38F /* lakemcdonald.jpg in Resources */,
				056B83502336724800B2B38F /* silversalmoncreek.jpg in Resources */,
				056B83562336724800B2B38F /* landmarkData.json in Resources */,
				056B834F2336724800B2B38F /* turtlerock.jpg in Resources */,
				056D5DE3232D236E00E89EDA /* LaunchScreen.storyboard in Resources */,
				056B83552336724800B2B38F /* umbagog.jpg in Resources */,
				056B83592336724800B2B38F /* stmarylake.jpg in Resources */,
				0568AA9B233AE84900916257 /* charleyrivers.jpg in Resources */,
				056B83572336724800B2B38F /* chincoteague.jpg in Resources */,
				056D5DE0232D236E00E89EDA /* Preview Assets.xcassets in Resources */,
				056B83512336724800B2B38F /* icybay.jpg in Resources */,
				056B83542336724800B2B38F /* twinlake.jpg in Resources */,
				056B83532336724800B2B38F /* hiddenlake.jpg in Resources */,
				056D5DDD232D236E00E89EDA /* Assets.xcassets in Resources */,
				056B835B2336724800B2B38F /* rainbowlake.jpg in Resources */,
				056B835A2336724800B2B38F /* chilkoottrail.jpg in Resources */,
				056B83582336724800B2B38F /* yukon_charleyrivers.jpg in Resources */,
			);
			runOnlyForDeploymentPostprocessing = 0;
		};
/* End PBXResourcesBuildPhase section */

/* Begin PBXSourcesBuildPhase section */
		056D5D84232D215300E89EDA /* Sources */ = {
			isa = PBXSourcesBuildPhase;
			buildActionMask = 2147483647;
			files = (
				05A149892348E78C00B5B719 /* BadgeSymbol.swift in Sources */,
				056636E3234387F900C2A302 /* HexagonParameters.swift in Sources */,
				05A149872348E73600B5B719 /* BadgeBackground.swift in Sources */,
				056D5D8B232D215300E89EDA /* AppDelegate.swift in Sources */,
				056636E12343876F00C2A302 /* Badge.swift in Sources */,
				056D5D8D232D215300E89EDA /* SceneDelegate.swift in Sources */,
				056D5D8F232D215300E89EDA /* ContentView.swift in Sources */,
			);
			runOnlyForDeploymentPostprocessing = 0;
		};
		056D5D9C232D217100E89EDA /* Sources */ = {
			isa = PBXSourcesBuildPhase;
			buildActionMask = 2147483647;
			files = (
				056D5DA3232D217100E89EDA /* AppDelegate.swift in Sources */,
				056D5DA5232D217100E89EDA /* SceneDelegate.swift in Sources */,
				056D5DA7232D217100E89EDA /* ContentView.swift in Sources */,
			);
			runOnlyForDeploymentPostprocessing = 0;
		};
		056D5DB4232D218100E89EDA /* Sources */ = {
			isa = PBXSourcesBuildPhase;
			buildActionMask = 2147483647;
			files = (
				056D5DBB232D218100E89EDA /* AppDelegate.swift in Sources */,
				056D5DBD232D218100E89EDA /* SceneDelegate.swift in Sources */,
				056D5DBF232D218100E89EDA /* ContentView.swift in Sources */,
			);
			runOnlyForDeploymentPostprocessing = 0;
		};
		056D5DD0232D236C00E89EDA /* Sources */ = {
			isa = PBXSourcesBuildPhase;
			buildActionMask = 2147483647;
			files = (
				056D5DD7232D236C00E89EDA /* AppDelegate.swift in Sources */,
				058D3657232DAC4E00A4FCB3 /* CircleImage.swift in Sources */,
				058D365C232DB13400A4FCB3 /* MapView.swift in Sources */,
				056D5DD9232D236C00E89EDA /* SceneDelegate.swift in Sources */,
				056B835D2336753000B2B38F /* LandmarkList.swift in Sources */,
				056D5DDB232D236C00E89EDA /* LandmarkDetail.swift in Sources */,
				056B833E2336690800B2B38F /* LandmarkRow.swift in Sources */,
				056B83212336629C00B2B38F /* Landmark.swift in Sources */,
				056B835F233856B600B2B38F /* UserData.swift in Sources */,
				056B834023366AE300B2B38F /* Data.swift in Sources */,
			);
			runOnlyForDeploymentPostprocessing = 0;
		};
/* End PBXSourcesBuildPhase section */

/* Begin PBXVariantGroup section */
		056D5D95232D215600E89EDA /* LaunchScreen.storyboard */ = {
			isa = PBXVariantGroup;
			children = (
				056D5D96232D215600E89EDA /* Base */,
			);
			name = LaunchScreen.storyboard;
			sourceTree = "<group>";
		};
		056D5DAD232D217300E89EDA /* LaunchScreen.storyboard */ = {
			isa = PBXVariantGroup;
			children = (
				056D5DAE232D217300E89EDA /* Base */,
			);
			name = LaunchScreen.storyboard;
			sourceTree = "<group>";
		};
		056D5DC5232D218300E89EDA /* LaunchScreen.storyboard */ = {
			isa = PBXVariantGroup;
			children = (
				056D5DC6232D218300E89EDA /* Base */,
			);
			name = LaunchScreen.storyboard;
			sourceTree = "<group>";
		};
		056D5DE1232D236E00E89EDA /* LaunchScreen.storyboard */ = {
			isa = PBXVariantGroup;
			children = (
				056D5DE2232D236E00E89EDA /* Base */,
			);
			name = LaunchScreen.storyboard;
			sourceTree = "<group>";
		};
/* End PBXVariantGroup section */

/* Begin XCBuildConfiguration section */
		056D5D9A232D215600E89EDA /* Debug */ = {
			isa = XCBuildConfiguration;
			buildSettings = {
				ASSETCATALOG_COMPILER_APPICON_NAME = AppIcon;
				CODE_SIGN_STYLE = Automatic;
				DEVELOPMENT_ASSET_PATHS = "\"Drawing and Animation/Preview Content\"";
				DEVELOPMENT_TEAM = AYWA8Z6G75;
				ENABLE_PREVIEWS = YES;
				INFOPLIST_FILE = "Drawing and Animation/Info.plist";
				LD_RUNPATH_SEARCH_PATHS = (
					"$(inherited)",
					"@executable_path/Frameworks",
				);
				PRODUCT_BUNDLE_IDENTIFIER = "swift.ui.Drawing-and-Animation";
				PRODUCT_NAME = "$(TARGET_NAME)";
				SWIFT_VERSION = 5.0;
				TARGETED_DEVICE_FAMILY = "1,2";
			};
			name = Debug;
		};
		056D5D9B232D215600E89EDA /* Release */ = {
			isa = XCBuildConfiguration;
			buildSettings = {
				ASSETCATALOG_COMPILER_APPICON_NAME = AppIcon;
				CODE_SIGN_STYLE = Automatic;
				DEVELOPMENT_ASSET_PATHS = "\"Drawing and Animation/Preview Content\"";
				DEVELOPMENT_TEAM = AYWA8Z6G75;
				ENABLE_PREVIEWS = YES;
				INFOPLIST_FILE = "Drawing and Animation/Info.plist";
				LD_RUNPATH_SEARCH_PATHS = (
					"$(inherited)",
					"@executable_path/Frameworks",
				);
				PRODUCT_BUNDLE_IDENTIFIER = "swift.ui.Drawing-and-Animation";
				PRODUCT_NAME = "$(TARGET_NAME)";
				SWIFT_VERSION = 5.0;
				TARGETED_DEVICE_FAMILY = "1,2";
			};
			name = Release;
		};
		056D5DB2232D217300E89EDA /* Debug */ = {
			isa = XCBuildConfiguration;
			buildSettings = {
				ASSETCATALOG_COMPILER_APPICON_NAME = AppIcon;
				CODE_SIGN_STYLE = Automatic;
				DEVELOPMENT_ASSET_PATHS = "\"App Design and Layout/Preview Content\"";
				DEVELOPMENT_TEAM = AYWA8Z6G75;
				ENABLE_PREVIEWS = YES;
				INFOPLIST_FILE = "App Design and Layout/Info.plist";
				LD_RUNPATH_SEARCH_PATHS = (
					"$(inherited)",
					"@executable_path/Frameworks",
				);
				PRODUCT_BUNDLE_IDENTIFIER = "swift.ui.App-Design-and-Layout";
				PRODUCT_NAME = "$(TARGET_NAME)";
				SWIFT_VERSION = 5.0;
				TARGETED_DEVICE_FAMILY = "1,2";
			};
			name = Debug;
		};
		056D5DB3232D217300E89EDA /* Release */ = {
			isa = XCBuildConfiguration;
			buildSettings = {
				ASSETCATALOG_COMPILER_APPICON_NAME = AppIcon;
				CODE_SIGN_STYLE = Automatic;
				DEVELOPMENT_ASSET_PATHS = "\"App Design and Layout/Preview Content\"";
				DEVELOPMENT_TEAM = AYWA8Z6G75;
				ENABLE_PREVIEWS = YES;
				INFOPLIST_FILE = "App Design and Layout/Info.plist";
				LD_RUNPATH_SEARCH_PATHS = (
					"$(inherited)",
					"@executable_path/Frameworks",
				);
				PRODUCT_BUNDLE_IDENTIFIER = "swift.ui.App-Design-and-Layout";
				PRODUCT_NAME = "$(TARGET_NAME)";
				SWIFT_VERSION = 5.0;
				TARGETED_DEVICE_FAMILY = "1,2";
			};
			name = Release;
		};
		056D5DCA232D218300E89EDA /* Debug */ = {
			isa = XCBuildConfiguration;
			buildSettings = {
				ASSETCATALOG_COMPILER_APPICON_NAME = AppIcon;
				CODE_SIGN_STYLE = Automatic;
				DEVELOPMENT_ASSET_PATHS = "\"Framework Integration/Preview Content\"";
				DEVELOPMENT_TEAM = AYWA8Z6G75;
				ENABLE_PREVIEWS = YES;
				INFOPLIST_FILE = "Framework Integration/Info.plist";
				LD_RUNPATH_SEARCH_PATHS = (
					"$(inherited)",
					"@executable_path/Frameworks",
				);
				PRODUCT_BUNDLE_IDENTIFIER = "swift.ui.Framework-Integration";
				PRODUCT_NAME = "$(TARGET_NAME)";
				SWIFT_VERSION = 5.0;
				TARGETED_DEVICE_FAMILY = "1,2";
			};
			name = Debug;
		};
		056D5DCB232D218300E89EDA /* Release */ = {
			isa = XCBuildConfiguration;
			buildSettings = {
				ASSETCATALOG_COMPILER_APPICON_NAME = AppIcon;
				CODE_SIGN_STYLE = Automatic;
				DEVELOPMENT_ASSET_PATHS = "\"Framework Integration/Preview Content\"";
				DEVELOPMENT_TEAM = AYWA8Z6G75;
				ENABLE_PREVIEWS = YES;
				INFOPLIST_FILE = "Framework Integration/Info.plist";
				LD_RUNPATH_SEARCH_PATHS = (
					"$(inherited)",
					"@executable_path/Frameworks",
				);
				PRODUCT_BUNDLE_IDENTIFIER = "swift.ui.Framework-Integration";
				PRODUCT_NAME = "$(TARGET_NAME)";
				SWIFT_VERSION = 5.0;
				TARGETED_DEVICE_FAMILY = "1,2";
			};
			name = Release;
		};
		056D5DE6232D236E00E89EDA /* Debug */ = {
			isa = XCBuildConfiguration;
			buildSettings = {
				ASSETCATALOG_COMPILER_APPICON_NAME = AppIcon;
				CODE_SIGN_STYLE = Automatic;
				DEVELOPMENT_ASSET_PATHS = "\"SwiftUI Essentials/Preview Content\"";
				DEVELOPMENT_TEAM = AYWA8Z6G75;
				ENABLE_PREVIEWS = YES;
				INFOPLIST_FILE = "SwiftUI Essentials/Info.plist";
				LD_RUNPATH_SEARCH_PATHS = (
					"$(inherited)",
					"@executable_path/Frameworks",
				);
				PRODUCT_BUNDLE_IDENTIFIER = "swift.ui.SwiftUI-Essentials";
				PRODUCT_NAME = "$(TARGET_NAME)";
				SWIFT_VERSION = 5.0;
				TARGETED_DEVICE_FAMILY = "1,2";
			};
			name = Debug;
		};
		056D5DE7232D236E00E89EDA /* Release */ = {
			isa = XCBuildConfiguration;
			buildSettings = {
				ASSETCATALOG_COMPILER_APPICON_NAME = AppIcon;
				CODE_SIGN_STYLE = Automatic;
				DEVELOPMENT_ASSET_PATHS = "\"SwiftUI Essentials/Preview Content\"";
				DEVELOPMENT_TEAM = AYWA8Z6G75;
				ENABLE_PREVIEWS = YES;
				INFOPLIST_FILE = "SwiftUI Essentials/Info.plist";
				LD_RUNPATH_SEARCH_PATHS = (
					"$(inherited)",
					"@executable_path/Frameworks",
				);
				PRODUCT_BUNDLE_IDENTIFIER = "swift.ui.SwiftUI-Essentials";
				PRODUCT_NAME = "$(TARGET_NAME)";
				SWIFT_VERSION = 5.0;
				TARGETED_DEVICE_FAMILY = "1,2";
			};
			name = Release;
		};
		05D35245232A800500BBB528 /* Debug */ = {
			isa = XCBuildConfiguration;
			buildSettings = {
				ALWAYS_SEARCH_USER_PATHS = NO;
				CLANG_ANALYZER_NONNULL = YES;
				CLANG_ANALYZER_NUMBER_OBJECT_CONVERSION = YES_AGGRESSIVE;
				CLANG_CXX_LANGUAGE_STANDARD = "gnu++14";
				CLANG_CXX_LIBRARY = "libc++";
				CLANG_ENABLE_MODULES = YES;
				CLANG_ENABLE_OBJC_ARC = YES;
				CLANG_ENABLE_OBJC_WEAK = YES;
				CLANG_WARN_BLOCK_CAPTURE_AUTORELEASING = YES;
				CLANG_WARN_BOOL_CONVERSION = YES;
				CLANG_WARN_COMMA = YES;
				CLANG_WARN_CONSTANT_CONVERSION = YES;
				CLANG_WARN_DEPRECATED_OBJC_IMPLEMENTATIONS = YES;
				CLANG_WARN_DIRECT_OBJC_ISA_USAGE = YES_ERROR;
				CLANG_WARN_DOCUMENTATION_COMMENTS = YES;
				CLANG_WARN_EMPTY_BODY = YES;
				CLANG_WARN_ENUM_CONVERSION = YES;
				CLANG_WARN_INFINITE_RECURSION = YES;
				CLANG_WARN_INT_CONVERSION = YES;
				CLANG_WARN_NON_LITERAL_NULL_CONVERSION = YES;
				CLANG_WARN_OBJC_IMPLICIT_RETAIN_SELF = YES;
				CLANG_WARN_OBJC_LITERAL_CONVERSION = YES;
				CLANG_WARN_OBJC_ROOT_CLASS = YES_ERROR;
				CLANG_WARN_RANGE_LOOP_ANALYSIS = YES;
				CLANG_WARN_STRICT_PROTOTYPES = YES;
				CLANG_WARN_SUSPICIOUS_MOVE = YES;
				CLANG_WARN_UNGUARDED_AVAILABILITY = YES_AGGRESSIVE;
				CLANG_WARN_UNREACHABLE_CODE = YES;
				CLANG_WARN__DUPLICATE_METHOD_MATCH = YES;
				COPY_PHASE_STRIP = NO;
				DEBUG_INFORMATION_FORMAT = dwarf;
				ENABLE_STRICT_OBJC_MSGSEND = YES;
				ENABLE_TESTABILITY = YES;
				GCC_C_LANGUAGE_STANDARD = gnu11;
				GCC_DYNAMIC_NO_PIC = NO;
				GCC_NO_COMMON_BLOCKS = YES;
				GCC_OPTIMIZATION_LEVEL = 0;
				GCC_PREPROCESSOR_DEFINITIONS = (
					"DEBUG=1",
					"$(inherited)",
				);
				GCC_WARN_64_TO_32_BIT_CONVERSION = YES;
				GCC_WARN_ABOUT_RETURN_TYPE = YES_ERROR;
				GCC_WARN_UNDECLARED_SELECTOR = YES;
				GCC_WARN_UNINITIALIZED_AUTOS = YES_AGGRESSIVE;
				GCC_WARN_UNUSED_FUNCTION = YES;
				GCC_WARN_UNUSED_VARIABLE = YES;
				IPHONEOS_DEPLOYMENT_TARGET = 13.0;
				MTL_ENABLE_DEBUG_INFO = INCLUDE_SOURCE;
				MTL_FAST_MATH = YES;
				ONLY_ACTIVE_ARCH = YES;
				SDKROOT = iphoneos;
				SWIFT_ACTIVE_COMPILATION_CONDITIONS = DEBUG;
				SWIFT_OPTIMIZATION_LEVEL = "-Onone";
			};
			name = Debug;
		};
		05D35246232A800500BBB528 /* Release */ = {
			isa = XCBuildConfiguration;
			buildSettings = {
				ALWAYS_SEARCH_USER_PATHS = NO;
				CLANG_ANALYZER_NONNULL = YES;
				CLANG_ANALYZER_NUMBER_OBJECT_CONVERSION = YES_AGGRESSIVE;
				CLANG_CXX_LANGUAGE_STANDARD = "gnu++14";
				CLANG_CXX_LIBRARY = "libc++";
				CLANG_ENABLE_MODULES = YES;
				CLANG_ENABLE_OBJC_ARC = YES;
				CLANG_ENABLE_OBJC_WEAK = YES;
				CLANG_WARN_BLOCK_CAPTURE_AUTORELEASING = YES;
				CLANG_WARN_BOOL_CONVERSION = YES;
				CLANG_WARN_COMMA = YES;
				CLANG_WARN_CONSTANT_CONVERSION = YES;
				CLANG_WARN_DEPRECATED_OBJC_IMPLEMENTATIONS = YES;
				CLANG_WARN_DIRECT_OBJC_ISA_USAGE = YES_ERROR;
				CLANG_WARN_DOCUMENTATION_COMMENTS = YES;
				CLANG_WARN_EMPTY_BODY = YES;
				CLANG_WARN_ENUM_CONVERSION = YES;
				CLANG_WARN_INFINITE_RECURSION = YES;
				CLANG_WARN_INT_CONVERSION = YES;
				CLANG_WARN_NON_LITERAL_NULL_CONVERSION = YES;
				CLANG_WARN_OBJC_IMPLICIT_RETAIN_SELF = YES;
				CLANG_WARN_OBJC_LITERAL_CONVERSION = YES;
				CLANG_WARN_OBJC_ROOT_CLASS = YES_ERROR;
				CLANG_WARN_RANGE_LOOP_ANALYSIS = YES;
				CLANG_WARN_STRICT_PROTOTYPES = YES;
				CLANG_WARN_SUSPICIOUS_MOVE = YES;
				CLANG_WARN_UNGUARDED_AVAILABILITY = YES_AGGRESSIVE;
				CLANG_WARN_UNREACHABLE_CODE = YES;
				CLANG_WARN__DUPLICATE_METHOD_MATCH = YES;
				COPY_PHASE_STRIP = NO;
				DEBUG_INFORMATION_FORMAT = "dwarf-with-dsym";
				ENABLE_NS_ASSERTIONS = NO;
				ENABLE_STRICT_OBJC_MSGSEND = YES;
				GCC_C_LANGUAGE_STANDARD = gnu11;
				GCC_NO_COMMON_BLOCKS = YES;
				GCC_WARN_64_TO_32_BIT_CONVERSION = YES;
				GCC_WARN_ABOUT_RETURN_TYPE = YES_ERROR;
				GCC_WARN_UNDECLARED_SELECTOR = YES;
				GCC_WARN_UNINITIALIZED_AUTOS = YES_AGGRESSIVE;
				GCC_WARN_UNUSED_FUNCTION = YES;
				GCC_WARN_UNUSED_VARIABLE = YES;
				IPHONEOS_DEPLOYMENT_TARGET = 13.0;
				MTL_ENABLE_DEBUG_INFO = NO;
				MTL_FAST_MATH = YES;
				SDKROOT = iphoneos;
				SWIFT_COMPILATION_MODE = wholemodule;
				SWIFT_OPTIMIZATION_LEVEL = "-O";
				VALIDATE_PRODUCT = YES;
			};
			name = Release;
		};
/* End XCBuildConfiguration section */

/* Begin XCConfigurationList section */
		056D5D99232D215600E89EDA /* Build configuration list for PBXNativeTarget "Drawing and Animation" */ = {
			isa = XCConfigurationList;
			buildConfigurations = (
				056D5D9A232D215600E89EDA /* Debug */,
				056D5D9B232D215600E89EDA /* Release */,
			);
			defaultConfigurationIsVisible = 0;
			defaultConfigurationName = Release;
		};
		056D5DB1232D217300E89EDA /* Build configuration list for PBXNativeTarget "App Design and Layout" */ = {
			isa = XCConfigurationList;
			buildConfigurations = (
				056D5DB2232D217300E89EDA /* Debug */,
				056D5DB3232D217300E89EDA /* Release */,
			);
			defaultConfigurationIsVisible = 0;
			defaultConfigurationName = Release;
		};
		056D5DC9232D218300E89EDA /* Build configuration list for PBXNativeTarget "Framework Integration" */ = {
			isa = XCConfigurationList;
			buildConfigurations = (
				056D5DCA232D218300E89EDA /* Debug */,
				056D5DCB232D218300E89EDA /* Release */,
			);
			defaultConfigurationIsVisible = 0;
			defaultConfigurationName = Release;
		};
		056D5DE5232D236E00E89EDA /* Build configuration list for PBXNativeTarget "SwiftUI Essentials" */ = {
			isa = XCConfigurationList;
			buildConfigurations = (
				056D5DE6232D236E00E89EDA /* Debug */,
				056D5DE7232D236E00E89EDA /* Release */,
			);
			defaultConfigurationIsVisible = 0;
			defaultConfigurationName = Release;
		};
		05D3522E232A800400BBB528 /* Build configuration list for PBXProject "SwiftUI-Tutorials" */ = {
			isa = XCConfigurationList;
			buildConfigurations = (
				05D35245232A800500BBB528 /* Debug */,
				05D35246232A800500BBB528 /* Release */,
			);
			defaultConfigurationIsVisible = 0;
			defaultConfigurationName = Release;
		};
/* End XCConfigurationList section */
	};
	rootObject = 05D3522B232A800400BBB528 /* Project object */;
}
